
Microsoft Visual Studio Solution File, Format Version 12.00
# Visual Studio 15
Project("{FAE04EC0-301F-11D3-BF4B-00C04F79EFBC}") = "Assembly-CSharp", "Assembly-CSharp.csproj", "{3137FC19-8A6A-782F-21E2-784B2D4B7BFC}"
EndProject
Project("{FAE04EC0-301F-11D3-BF4B-00C04F79EFBC}") = "Assembly-CSharp-Editor", "Assembly-CSharp-Editor.csproj", "{A680E4A3-A0FD-5A70-942D-01760F443369}"
EndProject
Global
	GlobalSection(SolutionConfigurationPlatforms) = preSolution
		Debug|Any CPU = Debug|Any CPU
		Release|Any CPU = Release|Any CPU
	EndGlobalSection
	GlobalSection(ProjectConfigurationPlatforms) = postSolution
		{3137FC19-8A6A-782F-21E2-784B2D4B7BFC}.Debug|Any CPU.ActiveCfg = Debug|Any CPU
		{3137FC19-8A6A-782F-21E2-784B2D4B7BFC}.Debug|Any CPU.Build.0 = Debug|Any CPU
		{3137FC19-8A6A-782F-21E2-784B2D4B7BFC}.Release|Any CPU.ActiveCfg = Release|Any CPU
		{3137FC19-8A6A-782F-21E2-784B2D4B7BFC}.Release|Any CPU.Build.0 = Release|Any CPU
		{A680E4A3-A0FD-5A70-942D-01760F443369}.Debug|Any CPU.ActiveCfg = Debug|Any CPU
		{A680E4A3-A0FD-5A70-942D-01760F443369}.Debug|Any CPU.Build.0 = Debug|Any CPU
		{A680E4A3-A0FD-5A70-942D-01760F443369}.Release|Any CPU.ActiveCfg = Release|Any CPU
		{A680E4A3-A0FD-5A70-942D-01760F443369}.Release|Any CPU.Build.0 = Release|Any CPU
	EndGlobalSection
	GlobalSection(SolutionProperties) = preSolution
		HideSolutionNode = FALSE
	EndGlobalSection
EndGlobal
